
Microsoft Visual Studio Solution File, Format Version 12.00
# Visual Studio Version 17
VisualStudioVersion = 17.11.35312.102
MinimumVisualStudioVersion = 10.0.40219.1
Project("{FAE04EC0-301F-11D3-BF4B-00C04F79EFBC}") = "ConsoleMainApp", "ConsoleMainApp\ConsoleMainApp.csproj", "{2E1B4DCE-711E-4B75-8377-ADB582A997B3}"
EndProject
Project("{FAE04EC0-301F-11D3-BF4B-00C04F79EFBC}") = "HelloWorldLibrary", "HelloWorldLibrary\HelloWorldLibrary.csproj", "{ECCA5073-25E6-4393-86CD-3F508249C35A}"
EndProject
Global
	GlobalSection(SolutionConfigurationPlatforms) = preSolution
		Debug|Any CPU = Debug|Any CPU
		Release|Any CPU = Release|Any CPU
	EndGlobalSection
	GlobalSection(ProjectConfigurationPlatforms) = postSolution
		{2E1B4DCE-711E-4B75-8377-ADB582A997B3}.Debug|Any CPU.ActiveCfg = Debug|Any CPU
		{2E1B4DCE-711E-4B75-8377-ADB582A997B3}.Debug|Any CPU.Build.0 = Debug|Any CPU
		{2E1B4DCE-711E-4B75-8377-ADB582A997B3}.Release|Any CPU.ActiveCfg = Release|Any CPU
		{2E1B4DCE-711E-4B75-8377-ADB582A997B3}.Release|Any CPU.Build.0 = Release|Any CPU
		{ECCA5073-25E6-4393-86CD-3F508249C35A}.Debug|Any CPU.ActiveCfg = Debug|Any CPU
		{ECCA5073-25E6-4393-86CD-3F508249C35A}.Debug|Any CPU.Build.0 = Debug|Any CPU
		{ECCA5073-25E6-4393-86CD-3F508249C35A}.Release|Any CPU.ActiveCfg = Release|Any CPU
		{ECCA5073-25E6-4393-86CD-3F508249C35A}.Release|Any CPU.Build.0 = Release|Any CPU
	EndGlobalSection
	GlobalSection(SolutionProperties) = preSolution
		HideSolutionNode = FALSE
	EndGlobalSection
	GlobalSection(ExtensibilityGlobals) = postSolution
		SolutionGuid = {20A8EAB1-532A-455E-BA31-5256CB201B14}
	EndGlobalSection
EndGlobal
