
Microsoft Visual Studio Solution File, Format Version 12.00
# Visual Studio Version 17
VisualStudioVersion = 17.11.35312.102
MinimumVisualStudioVersion = 10.0.40219.1
Project("{FAE04EC0-301F-11D3-BF4B-00C04F79EFBC}") = "Task_2", "Task_2\Task_2.csproj", "{3B9A0190-4570-4D68-A92D-022C5DD2DD6E}"
EndProject
Global
	GlobalSection(SolutionConfigurationPlatforms) = preSolution
		Debug|Any CPU = Debug|Any CPU
		Release|Any CPU = Release|Any CPU
	EndGlobalSection
	GlobalSection(ProjectConfigurationPlatforms) = postSolution
		{3B9A0190-4570-4D68-A92D-022C5DD2DD6E}.Debug|Any CPU.ActiveCfg = Debug|Any CPU
		{3B9A0190-4570-4D68-A92D-022C5DD2DD6E}.Debug|Any CPU.Build.0 = Debug|Any CPU
		{3B9A0190-4570-4D68-A92D-022C5DD2DD6E}.Release|Any CPU.ActiveCfg = Release|Any CPU
		{3B9A0190-4570-4D68-A92D-022C5DD2DD6E}.Release|Any CPU.Build.0 = Release|Any CPU
	EndGlobalSection
	GlobalSection(SolutionProperties) = preSolution
		HideSolutionNode = FALSE
	EndGlobalSection
	GlobalSection(ExtensibilityGlobals) = postSolution
		SolutionGuid = {FAF37695-BB30-4B5F-BFDB-5B1B1BBA9C92}
	EndGlobalSection
EndGlobal
